
Microsoft Visual Studio Solution File, Format Version 12.00
Project("{FAE04EC0-301F-11D3-BF4B-00C04F79EFBC}") = "EigenvalueFinder.Core", "EigenvalueFinder.Core\EigenvalueFinder.Core.csproj", "{FF594BEE-B8B5-40DE-ADBD-DD38B0B8E091}"
EndProject
Project("{FAE04EC0-301F-11D3-BF4B-00C04F79EFBC}") = "EigenvalueFinder.Tests", "EigenvalueFinder.Tests\EigenvalueFinder.Tests.csproj", "{7CD3C794-BA00-4DC6-B558-CE3B7A6779C4}"
EndProject
Project("{FAE04EC0-301F-11D3-BF4B-00C04F79EFBC}") = "EigenvalueFinder.Web", "EigenvalueFinder.Web\EigenvalueFinder.Web.csproj", "{DDBA647E-6C20-4ECC-9282-9B45B192E7E3}"
EndProject
Project("{FAE04EC0-301F-11D3-BF4B-00C04F79EFBC}") = "EigenvalueFinder.WebAPI", "EigenvalueFinder.WebAPI\EigenvalueFinder.WebAPI.csproj", "{CE9BDFF7-808D-4297-886C-47D58C0A24DD}"
EndProject
Global
	GlobalSection(SolutionConfigurationPlatforms) = preSolution
		Debug|Any CPU = Debug|Any CPU
		Release|Any CPU = Release|Any CPU
	EndGlobalSection
	GlobalSection(ProjectConfigurationPlatforms) = postSolution
		{FF594BEE-B8B5-40DE-ADBD-DD38B0B8E091}.Debug|Any CPU.ActiveCfg = Debug|Any CPU
		{FF594BEE-B8B5-40DE-ADBD-DD38B0B8E091}.Debug|Any CPU.Build.0 = Debug|Any CPU
		{FF594BEE-B8B5-40DE-ADBD-DD38B0B8E091}.Release|Any CPU.ActiveCfg = Release|Any CPU
		{FF594BEE-B8B5-40DE-ADBD-DD38B0B8E091}.Release|Any CPU.Build.0 = Release|Any CPU
		{7CD3C794-BA00-4DC6-B558-CE3B7A6779C4}.Debug|Any CPU.ActiveCfg = Debug|Any CPU
		{7CD3C794-BA00-4DC6-B558-CE3B7A6779C4}.Debug|Any CPU.Build.0 = Debug|Any CPU
		{7CD3C794-BA00-4DC6-B558-CE3B7A6779C4}.Release|Any CPU.ActiveCfg = Release|Any CPU
		{7CD3C794-BA00-4DC6-B558-CE3B7A6779C4}.Release|Any CPU.Build.0 = Release|Any CPU
		{DDBA647E-6C20-4ECC-9282-9B45B192E7E3}.Debug|Any CPU.ActiveCfg = Debug|Any CPU
		{DDBA647E-6C20-4ECC-9282-9B45B192E7E3}.Debug|Any CPU.Build.0 = Debug|Any CPU
		{DDBA647E-6C20-4ECC-9282-9B45B192E7E3}.Release|Any CPU.ActiveCfg = Release|Any CPU
		{DDBA647E-6C20-4ECC-9282-9B45B192E7E3}.Release|Any CPU.Build.0 = Release|Any CPU
		{CE9BDFF7-808D-4297-886C-47D58C0A24DD}.Debug|Any CPU.ActiveCfg = Debug|Any CPU
		{CE9BDFF7-808D-4297-886C-47D58C0A24DD}.Debug|Any CPU.Build.0 = Debug|Any CPU
		{CE9BDFF7-808D-4297-886C-47D58C0A24DD}.Release|Any CPU.ActiveCfg = Release|Any CPU
		{CE9BDFF7-808D-4297-886C-47D58C0A24DD}.Release|Any CPU.Build.0 = Release|Any CPU
	EndGlobalSection
EndGlobal
